
Microsoft Visual Studio Solution File, Format Version 12.00
# Visual Studio 14
VisualStudioVersion = 14.0.23107.0
MinimumVisualStudioVersion = 10.0.40219.1
Project("{FAE04EC0-301F-11D3-BF4B-00C04F79EFBC}") = "Data-Generator.Datalayer", "Data-Generator.Datalayer\Data-Generator.Datalayer.csproj", "{02EC7BB4-EFC9-438E-8E54-BA139A15EC08}"
EndProject
Project("{FAE04EC0-301F-11D3-BF4B-00C04F79EFBC}") = "DataGenerator.App", "DataGenerator.App\DataGenerator.App.csproj", "{48877F34-0683-4719-BBB0-2DAE176E56A4}"
EndProject
Global
	GlobalSection(SolutionConfigurationPlatforms) = preSolution
		Debug|Any CPU = Debug|Any CPU
		Release|Any CPU = Release|Any CPU
	EndGlobalSection
	GlobalSection(ProjectConfigurationPlatforms) = postSolution
		{02EC7BB4-EFC9-438E-8E54-BA139A15EC08}.Debug|Any CPU.ActiveCfg = Debug|Any CPU
		{02EC7BB4-EFC9-438E-8E54-BA139A15EC08}.Debug|Any CPU.Build.0 = Debug|Any CPU
		{02EC7BB4-EFC9-438E-8E54-BA139A15EC08}.Release|Any CPU.ActiveCfg = Release|Any CPU
		{02EC7BB4-EFC9-438E-8E54-BA139A15EC08}.Release|Any CPU.Build.0 = Release|Any CPU
		{48877F34-0683-4719-BBB0-2DAE176E56A4}.Debug|Any CPU.ActiveCfg = Debug|Any CPU
		{48877F34-0683-4719-BBB0-2DAE176E56A4}.Debug|Any CPU.Build.0 = Debug|Any CPU
		{48877F34-0683-4719-BBB0-2DAE176E56A4}.Release|Any CPU.ActiveCfg = Release|Any CPU
		{48877F34-0683-4719-BBB0-2DAE176E56A4}.Release|Any CPU.Build.0 = Release|Any CPU
	EndGlobalSection
	GlobalSection(SolutionProperties) = preSolution
		HideSolutionNode = FALSE
	EndGlobalSection
EndGlobal
